
Microsoft Visual Studio Solution File, Format Version 12.00
# Visual Studio Version 17
VisualStudioVersion = 17.14.36811.4 d17.14
MinimumVisualStudioVersion = 10.0.40219.1
Project("{FAE04EC0-301F-11D3-BF4B-00C04F79EFBC}") = "Restaurant", "Restaurant.csproj", "{18DE3868-218B-4B2F-9F45-C35E7E00DCBF}"
EndProject
Global
	GlobalSection(SolutionConfigurationPlatforms) = preSolution
		Debug|Any CPU = Debug|Any CPU
		Release|Any CPU = Release|Any CPU
	EndGlobalSection
	GlobalSection(ProjectConfigurationPlatforms) = postSolution
		{18DE3868-218B-4B2F-9F45-C35E7E00DCBF}.Debug|Any CPU.ActiveCfg = Debug|Any CPU
		{18DE3868-218B-4B2F-9F45-C35E7E00DCBF}.Debug|Any CPU.Build.0 = Debug|Any CPU
		{18DE3868-218B-4B2F-9F45-C35E7E00DCBF}.Release|Any CPU.ActiveCfg = Release|Any CPU
		{18DE3868-218B-4B2F-9F45-C35E7E00DCBF}.Release|Any CPU.Build.0 = Release|Any CPU
	EndGlobalSection
	GlobalSection(SolutionProperties) = preSolution
		HideSolutionNode = FALSE
	EndGlobalSection
	GlobalSection(ExtensibilityGlobals) = postSolution
		SolutionGuid = {6BAD1C8E-52D0-468C-BFAE-7DD82715A917}
	EndGlobalSection
EndGlobal
